
Microsoft Visual Studio Solution File, Format Version 12.00
# Visual Studio 15
VisualStudioVersion = 15.0.26228.9
MinimumVisualStudioVersion = 10.0.40219.1
Project("{2150E333-8FDC-42A3-9474-1A3956D46DE8}") = "src", "src", "{25A75AC6-3FE9-4FC4-B34B-4FA58786345B}"
EndProject
Project("{2150E333-8FDC-42A3-9474-1A3956D46DE8}") = "Solution Items", "Solution Items", "{EB975C71-C9CC-47F1-A74D-D8255D7B5F30}"
	ProjectSection(SolutionItems) = preProject
		..\.gitignore = ..\.gitignore
		global.json = global.json
	EndProjectSection
EndProject
Project("{9A19103F-16F7-4668-BE54-9A1E7A4F7556}") = "Backend", "src\Backend\Backend.csproj", "{4B127FA2-6C82-489C-8099-564FA99916FF}"
EndProject
Project("{2150E333-8FDC-42A3-9474-1A3956D46DE8}") = "Tools", "Tools", "{608E059E-4196-4504-83F8-1FBF3E1DFAE0}"
EndProject
Project("{9A19103F-16F7-4668-BE54-9A1E7A4F7556}") = "Seed", "Tools\Seed\Seed.csproj", "{D0342098-24AB-4C9A-9930-BD3EF3A04498}"
EndProject
Project("{9A19103F-16F7-4668-BE54-9A1E7A4F7556}") = "Citolab.QConstruction.Logic", "Citolab.QConstruction.Logic\Citolab.QConstruction.Logic.csproj", "{0239D71F-6655-4AD8-B070-5496FF134115}"
EndProject
Project("{2150E333-8FDC-42A3-9474-1A3956D46DE8}") = "Shared", "Shared", "{BE3E475D-D550-4F45-96DB-EBEBF8A40961}"
EndProject
Project("{9A19103F-16F7-4668-BE54-9A1E7A4F7556}") = "Citolab.QConstruction.Model", "Citolab.QConstruction.Model\Citolab.QConstruction.Model.csproj", "{4E71963E-89B4-405B-8F85-69E857A7F457}"
EndProject
Project("{9A19103F-16F7-4668-BE54-9A1E7A4F7556}") = "FixTasks", "Tools\FixTasks\FixTasks.csproj", "{526A1EB8-975B-4496-8409-8EE4392A5949}"
EndProject
Project("{9A19103F-16F7-4668-BE54-9A1E7A4F7556}") = "GetStatsMailAndClean", "Tools\GetStatsMailAndClean\GetStatsMailAndClean.csproj", "{8FB9ECB3-2BF0-4F3A-9C9C-0D2D8CC9FE34}"
EndProject
Global
	GlobalSection(SolutionConfigurationPlatforms) = preSolution
		Debug|Any CPU = Debug|Any CPU
		Debug|x64 = Debug|x64
		Debug|x86 = Debug|x86
		Release|Any CPU = Release|Any CPU
		Release|x64 = Release|x64
		Release|x86 = Release|x86
	EndGlobalSection
	GlobalSection(ProjectConfigurationPlatforms) = postSolution
		{4B127FA2-6C82-489C-8099-564FA99916FF}.Debug|Any CPU.ActiveCfg = Debug|Any CPU
		{4B127FA2-6C82-489C-8099-564FA99916FF}.Debug|Any CPU.Build.0 = Debug|Any CPU
		{4B127FA2-6C82-489C-8099-564FA99916FF}.Debug|x64.ActiveCfg = Debug|Any CPU
		{4B127FA2-6C82-489C-8099-564FA99916FF}.Debug|x64.Build.0 = Debug|Any CPU
		{4B127FA2-6C82-489C-8099-564FA99916FF}.Debug|x86.ActiveCfg = Debug|Any CPU
		{4B127FA2-6C82-489C-8099-564FA99916FF}.Debug|x86.Build.0 = Debug|Any CPU
		{4B127FA2-6C82-489C-8099-564FA99916FF}.Release|Any CPU.ActiveCfg = Release|Any CPU
		{4B127FA2-6C82-489C-8099-564FA99916FF}.Release|Any CPU.Build.0 = Release|Any CPU
		{4B127FA2-6C82-489C-8099-564FA99916FF}.Release|x64.ActiveCfg = Release|Any CPU
		{4B127FA2-6C82-489C-8099-564FA99916FF}.Release|x64.Build.0 = Release|Any CPU
		{4B127FA2-6C82-489C-8099-564FA99916FF}.Release|x86.ActiveCfg = Release|Any CPU
		{4B127FA2-6C82-489C-8099-564FA99916FF}.Release|x86.Build.0 = Release|Any CPU
		{D0342098-24AB-4C9A-9930-BD3EF3A04498}.Debug|Any CPU.ActiveCfg = Debug|Any CPU
		{D0342098-24AB-4C9A-9930-BD3EF3A04498}.Debug|Any CPU.Build.0 = Debug|Any CPU
		{D0342098-24AB-4C9A-9930-BD3EF3A04498}.Debug|x64.ActiveCfg = Debug|Any CPU
		{D0342098-24AB-4C9A-9930-BD3EF3A04498}.Debug|x64.Build.0 = Debug|Any CPU
		{D0342098-24AB-4C9A-9930-BD3EF3A04498}.Debug|x86.ActiveCfg = Debug|Any CPU
		{D0342098-24AB-4C9A-9930-BD3EF3A04498}.Debug|x86.Build.0 = Debug|Any CPU
		{D0342098-24AB-4C9A-9930-BD3EF3A04498}.Release|Any CPU.ActiveCfg = Release|Any CPU
		{D0342098-24AB-4C9A-9930-BD3EF3A04498}.Release|Any CPU.Build.0 = Release|Any CPU
		{D0342098-24AB-4C9A-9930-BD3EF3A04498}.Release|x64.ActiveCfg = Release|Any CPU
		{D0342098-24AB-4C9A-9930-BD3EF3A04498}.Release|x64.Build.0 = Release|Any CPU
		{D0342098-24AB-4C9A-9930-BD3EF3A04498}.Release|x86.ActiveCfg = Release|Any CPU
		{D0342098-24AB-4C9A-9930-BD3EF3A04498}.Release|x86.Build.0 = Release|Any CPU
		{0239D71F-6655-4AD8-B070-5496FF134115}.Debug|Any CPU.ActiveCfg = Debug|Any CPU
		{0239D71F-6655-4AD8-B070-5496FF134115}.Debug|Any CPU.Build.0 = Debug|Any CPU
		{0239D71F-6655-4AD8-B070-5496FF134115}.Debug|x64.ActiveCfg = Debug|Any CPU
		{0239D71F-6655-4AD8-B070-5496FF134115}.Debug|x64.Build.0 = Debug|Any CPU
		{0239D71F-6655-4AD8-B070-5496FF134115}.Debug|x86.ActiveCfg = Debug|Any CPU
		{0239D71F-6655-4AD8-B070-5496FF134115}.Debug|x86.Build.0 = Debug|Any CPU
		{0239D71F-6655-4AD8-B070-5496FF134115}.Release|Any CPU.ActiveCfg = Release|Any CPU
		{0239D71F-6655-4AD8-B070-5496FF134115}.Release|Any CPU.Build.0 = Release|Any CPU
		{0239D71F-6655-4AD8-B070-5496FF134115}.Release|x64.ActiveCfg = Release|Any CPU
		{0239D71F-6655-4AD8-B070-5496FF134115}.Release|x64.Build.0 = Release|Any CPU
		{0239D71F-6655-4AD8-B070-5496FF134115}.Release|x86.ActiveCfg = Release|Any CPU
		{0239D71F-6655-4AD8-B070-5496FF134115}.Release|x86.Build.0 = Release|Any CPU
		{4E71963E-89B4-405B-8F85-69E857A7F457}.Debug|Any CPU.ActiveCfg = Debug|Any CPU
		{4E71963E-89B4-405B-8F85-69E857A7F457}.Debug|Any CPU.Build.0 = Debug|Any CPU
		{4E71963E-89B4-405B-8F85-69E857A7F457}.Debug|x64.ActiveCfg = Debug|Any CPU
		{4E71963E-89B4-405B-8F85-69E857A7F457}.Debug|x64.Build.0 = Debug|Any CPU
		{4E71963E-89B4-405B-8F85-69E857A7F457}.Debug|x86.ActiveCfg = Debug|Any CPU
		{4E71963E-89B4-405B-8F85-69E857A7F457}.Debug|x86.Build.0 = Debug|Any CPU
		{4E71963E-89B4-405B-8F85-69E857A7F457}.Release|Any CPU.ActiveCfg = Release|Any CPU
		{4E71963E-89B4-405B-8F85-69E857A7F457}.Release|Any CPU.Build.0 = Release|Any CPU
		{4E71963E-89B4-405B-8F85-69E857A7F457}.Release|x64.ActiveCfg = Release|Any CPU
		{4E71963E-89B4-405B-8F85-69E857A7F457}.Release|x64.Build.0 = Release|Any CPU
		{4E71963E-89B4-405B-8F85-69E857A7F457}.Release|x86.ActiveCfg = Release|Any CPU
		{4E71963E-89B4-405B-8F85-69E857A7F457}.Release|x86.Build.0 = Release|Any CPU
		{526A1EB8-975B-4496-8409-8EE4392A5949}.Debug|Any CPU.ActiveCfg = Debug|Any CPU
		{526A1EB8-975B-4496-8409-8EE4392A5949}.Debug|Any CPU.Build.0 = Debug|Any CPU
		{526A1EB8-975B-4496-8409-8EE4392A5949}.Debug|x64.ActiveCfg = Debug|Any CPU
		{526A1EB8-975B-4496-8409-8EE4392A5949}.Debug|x64.Build.0 = Debug|Any CPU
		{526A1EB8-975B-4496-8409-8EE4392A5949}.Debug|x86.ActiveCfg = Debug|Any CPU
		{526A1EB8-975B-4496-8409-8EE4392A5949}.Debug|x86.Build.0 = Debug|Any CPU
		{526A1EB8-975B-4496-8409-8EE4392A5949}.Release|Any CPU.ActiveCfg = Release|Any CPU
		{526A1EB8-975B-4496-8409-8EE4392A5949}.Release|Any CPU.Build.0 = Release|Any CPU
		{526A1EB8-975B-4496-8409-8EE4392A5949}.Release|x64.ActiveCfg = Release|Any CPU
		{526A1EB8-975B-4496-8409-8EE4392A5949}.Release|x64.Build.0 = Release|Any CPU
		{526A1EB8-975B-4496-8409-8EE4392A5949}.Release|x86.ActiveCfg = Release|Any CPU
		{526A1EB8-975B-4496-8409-8EE4392A5949}.Release|x86.Build.0 = Release|Any CPU
		{8FB9ECB3-2BF0-4F3A-9C9C-0D2D8CC9FE34}.Debug|Any CPU.ActiveCfg = Debug|Any CPU
		{8FB9ECB3-2BF0-4F3A-9C9C-0D2D8CC9FE34}.Debug|Any CPU.Build.0 = Debug|Any CPU
		{8FB9ECB3-2BF0-4F3A-9C9C-0D2D8CC9FE34}.Debug|x64.ActiveCfg = Debug|Any CPU
		{8FB9ECB3-2BF0-4F3A-9C9C-0D2D8CC9FE34}.Debug|x64.Build.0 = Debug|Any CPU
		{8FB9ECB3-2BF0-4F3A-9C9C-0D2D8CC9FE34}.Debug|x86.ActiveCfg = Debug|Any CPU
		{8FB9ECB3-2BF0-4F3A-9C9C-0D2D8CC9FE34}.Debug|x86.Build.0 = Debug|Any CPU
		{8FB9ECB3-2BF0-4F3A-9C9C-0D2D8CC9FE34}.Release|Any CPU.ActiveCfg = Release|Any CPU
		{8FB9ECB3-2BF0-4F3A-9C9C-0D2D8CC9FE34}.Release|Any CPU.Build.0 = Release|Any CPU
		{8FB9ECB3-2BF0-4F3A-9C9C-0D2D8CC9FE34}.Release|x64.ActiveCfg = Release|Any CPU
		{8FB9ECB3-2BF0-4F3A-9C9C-0D2D8CC9FE34}.Release|x64.Build.0 = Release|Any CPU
		{8FB9ECB3-2BF0-4F3A-9C9C-0D2D8CC9FE34}.Release|x86.ActiveCfg = Release|Any CPU
		{8FB9ECB3-2BF0-4F3A-9C9C-0D2D8CC9FE34}.Release|x86.Build.0 = Release|Any CPU
	EndGlobalSection
	GlobalSection(SolutionProperties) = preSolution
		HideSolutionNode = FALSE
	EndGlobalSection
	GlobalSection(NestedProjects) = preSolution
		{4B127FA2-6C82-489C-8099-564FA99916FF} = {25A75AC6-3FE9-4FC4-B34B-4FA58786345B}
		{608E059E-4196-4504-83F8-1FBF3E1DFAE0} = {25A75AC6-3FE9-4FC4-B34B-4FA58786345B}
		{D0342098-24AB-4C9A-9930-BD3EF3A04498} = {608E059E-4196-4504-83F8-1FBF3E1DFAE0}
		{0239D71F-6655-4AD8-B070-5496FF134115} = {BE3E475D-D550-4F45-96DB-EBEBF8A40961}
		{BE3E475D-D550-4F45-96DB-EBEBF8A40961} = {25A75AC6-3FE9-4FC4-B34B-4FA58786345B}
		{4E71963E-89B4-405B-8F85-69E857A7F457} = {BE3E475D-D550-4F45-96DB-EBEBF8A40961}
		{526A1EB8-975B-4496-8409-8EE4392A5949} = {608E059E-4196-4504-83F8-1FBF3E1DFAE0}
		{8FB9ECB3-2BF0-4F3A-9C9C-0D2D8CC9FE34} = {608E059E-4196-4504-83F8-1FBF3E1DFAE0}
	EndGlobalSection
	GlobalSection(ExtensibilityGlobals) = postSolution
		SolutionGuid = {C60F0ABB-79BE-469A-B334-8BA72CD1FD37}
	EndGlobalSection
EndGlobal
